
Microsoft Visual Studio Solution File, Format Version 12.00
# Visual Studio Version 16
VisualStudioVersion = 16.0.31829.152
MinimumVisualStudioVersion = 10.0.40219.1
Project("{FAE04EC0-301F-11D3-BF4B-00C04F79EFBC}") = "ConsoleApp9", "ConsoleApp9\ConsoleApp9.csproj", "{F22DD4F8-62DB-4683-8824-9F3080814375}"
EndProject
Project("{FAE04EC0-301F-11D3-BF4B-00C04F79EFBC}") = "ConsoleApp1", "ConsoleApp1\ConsoleApp1.csproj", "{5AFF9C19-A571-47D3-89CC-296E087D9921}"
EndProject
Global
	GlobalSection(SolutionConfigurationPlatforms) = preSolution
		Debug|Any CPU = Debug|Any CPU
		Release|Any CPU = Release|Any CPU
	EndGlobalSection
	GlobalSection(ProjectConfigurationPlatforms) = postSolution
		{F22DD4F8-62DB-4683-8824-9F3080814375}.Debug|Any CPU.ActiveCfg = Debug|Any CPU
		{F22DD4F8-62DB-4683-8824-9F3080814375}.Debug|Any CPU.Build.0 = Debug|Any CPU
		{F22DD4F8-62DB-4683-8824-9F3080814375}.Release|Any CPU.ActiveCfg = Release|Any CPU
		{F22DD4F8-62DB-4683-8824-9F3080814375}.Release|Any CPU.Build.0 = Release|Any CPU
		{5AFF9C19-A571-47D3-89CC-296E087D9921}.Debug|Any CPU.ActiveCfg = Debug|Any CPU
		{5AFF9C19-A571-47D3-89CC-296E087D9921}.Debug|Any CPU.Build.0 = Debug|Any CPU
		{5AFF9C19-A571-47D3-89CC-296E087D9921}.Release|Any CPU.ActiveCfg = Release|Any CPU
		{5AFF9C19-A571-47D3-89CC-296E087D9921}.Release|Any CPU.Build.0 = Release|Any CPU
	EndGlobalSection
	GlobalSection(SolutionProperties) = preSolution
		HideSolutionNode = FALSE
	EndGlobalSection
	GlobalSection(ExtensibilityGlobals) = postSolution
		SolutionGuid = {EF54B055-30BE-4B3E-BDEC-4E7BD61AAAFC}
	EndGlobalSection
EndGlobal
